
Microsoft Visual Studio Solution File, Format Version 12.00
# Visual Studio 15
VisualStudioVersion = 15.0.26430.15
MinimumVisualStudioVersion = 10.0.40219.1
Project("{FAE04EC0-301F-11D3-BF4B-00C04F79EFBC}") = "KnoWhat.Android", "KnoWhat\KnoWhat.Android\KnoWhat.Android.csproj", "{EC2725EE-3BA2-4687-887A-35DCF319E80D}"
EndProject
Project("{FAE04EC0-301F-11D3-BF4B-00C04F79EFBC}") = "KnoWhat", "KnoWhat\KnoWhat\KnoWhat.csproj", "{9EEEC1FC-5000-4D26-B3F7-30B8613D6602}"
EndProject
Project("{FAE04EC0-301F-11D3-BF4B-00C04F79EFBC}") = "KnoWhat.UWP", "KnoWhat\KnoWhat.UWP\KnoWhat.UWP.csproj", "{356B38CF-41C1-4694-B56E-846EC3555F4B}"
EndProject
Project("{FAE04EC0-301F-11D3-BF4B-00C04F79EFBC}") = "KnoWhat.iOS", "KnoWhat\KnoWhat.iOS\KnoWhat.iOS.csproj", "{20062168-06E4-408B-B83B-F0E2C70FB0F4}"
EndProject
Global
	GlobalSection(SolutionConfigurationPlatforms) = preSolution
		Ad-Hoc|Any CPU = Ad-Hoc|Any CPU
		Ad-Hoc|ARM = Ad-Hoc|ARM
		Ad-Hoc|iPhone = Ad-Hoc|iPhone
		Ad-Hoc|iPhoneSimulator = Ad-Hoc|iPhoneSimulator
		Ad-Hoc|x64 = Ad-Hoc|x64
		Ad-Hoc|x86 = Ad-Hoc|x86
		AppStore|Any CPU = AppStore|Any CPU
		AppStore|ARM = AppStore|ARM
		AppStore|iPhone = AppStore|iPhone
		AppStore|iPhoneSimulator = AppStore|iPhoneSimulator
		AppStore|x64 = AppStore|x64
		AppStore|x86 = AppStore|x86
		Debug|Any CPU = Debug|Any CPU
		Debug|ARM = Debug|ARM
		Debug|iPhone = Debug|iPhone
		Debug|iPhoneSimulator = Debug|iPhoneSimulator
		Debug|x64 = Debug|x64
		Debug|x86 = Debug|x86
		Release|Any CPU = Release|Any CPU
		Release|ARM = Release|ARM
		Release|iPhone = Release|iPhone
		Release|iPhoneSimulator = Release|iPhoneSimulator
		Release|x64 = Release|x64
		Release|x86 = Release|x86
	EndGlobalSection
	GlobalSection(ProjectConfigurationPlatforms) = postSolution
		{EC2725EE-3BA2-4687-887A-35DCF319E80D}.Ad-Hoc|Any CPU.ActiveCfg = Release|Any CPU
		{EC2725EE-3BA2-4687-887A-35DCF319E80D}.Ad-Hoc|Any CPU.Build.0 = Release|Any CPU
		{EC2725EE-3BA2-4687-887A-35DCF319E80D}.Ad-Hoc|Any CPU.Deploy.0 = Release|Any CPU
		{EC2725EE-3BA2-4687-887A-35DCF319E80D}.Ad-Hoc|ARM.ActiveCfg = Release|Any CPU
		{EC2725EE-3BA2-4687-887A-35DCF319E80D}.Ad-Hoc|ARM.Build.0 = Release|Any CPU
		{EC2725EE-3BA2-4687-887A-35DCF319E80D}.Ad-Hoc|ARM.Deploy.0 = Release|Any CPU
		{EC2725EE-3BA2-4687-887A-35DCF319E80D}.Ad-Hoc|iPhone.ActiveCfg = Release|Any CPU
		{EC2725EE-3BA2-4687-887A-35DCF319E80D}.Ad-Hoc|iPhone.Build.0 = Release|Any CPU
		{EC2725EE-3BA2-4687-887A-35DCF319E80D}.Ad-Hoc|iPhone.Deploy.0 = Release|Any CPU
		{EC2725EE-3BA2-4687-887A-35DCF319E80D}.Ad-Hoc|iPhoneSimulator.ActiveCfg = Release|Any CPU
		{EC2725EE-3BA2-4687-887A-35DCF319E80D}.Ad-Hoc|iPhoneSimulator.Build.0 = Release|Any CPU
		{EC2725EE-3BA2-4687-887A-35DCF319E80D}.Ad-Hoc|iPhoneSimulator.Deploy.0 = Release|Any CPU
		{EC2725EE-3BA2-4687-887A-35DCF319E80D}.Ad-Hoc|x64.ActiveCfg = Release|Any CPU
		{EC2725EE-3BA2-4687-887A-35DCF319E80D}.Ad-Hoc|x64.Build.0 = Release|Any CPU
		{EC2725EE-3BA2-4687-887A-35DCF319E80D}.Ad-Hoc|x64.Deploy.0 = Release|Any CPU
		{EC2725EE-3BA2-4687-887A-35DCF319E80D}.Ad-Hoc|x86.ActiveCfg = Release|Any CPU
		{EC2725EE-3BA2-4687-887A-35DCF319E80D}.Ad-Hoc|x86.Build.0 = Release|Any CPU
		{EC2725EE-3BA2-4687-887A-35DCF319E80D}.Ad-Hoc|x86.Deploy.0 = Release|Any CPU
		{EC2725EE-3BA2-4687-887A-35DCF319E80D}.AppStore|Any CPU.ActiveCfg = Release|Any CPU
		{EC2725EE-3BA2-4687-887A-35DCF319E80D}.AppStore|Any CPU.Build.0 = Release|Any CPU
		{EC2725EE-3BA2-4687-887A-35DCF319E80D}.AppStore|Any CPU.Deploy.0 = Release|Any CPU
		{EC2725EE-3BA2-4687-887A-35DCF319E80D}.AppStore|ARM.ActiveCfg = Release|Any CPU
		{EC2725EE-3BA2-4687-887A-35DCF319E80D}.AppStore|ARM.Build.0 = Release|Any CPU
		{EC2725EE-3BA2-4687-887A-35DCF319E80D}.AppStore|ARM.Deploy.0 = Release|Any CPU
		{EC2725EE-3BA2-4687-887A-35DCF319E80D}.AppStore|iPhone.ActiveCfg = Release|Any CPU
		{EC2725EE-3BA2-4687-887A-35DCF319E80D}.AppStore|iPhone.Build.0 = Release|Any CPU
		{EC2725EE-3BA2-4687-887A-35DCF319E80D}.AppStore|iPhone.Deploy.0 = Release|Any CPU
		{EC2725EE-3BA2-4687-887A-35DCF319E80D}.AppStore|iPhoneSimulator.ActiveCfg = Release|Any CPU
		{EC2725EE-3BA2-4687-887A-35DCF319E80D}.AppStore|iPhoneSimulator.Build.0 = Release|Any CPU
		{EC2725EE-3BA2-4687-887A-35DCF319E80D}.AppStore|iPhoneSimulator.Deploy.0 = Release|Any CPU
		{EC2725EE-3BA2-4687-887A-35DCF319E80D}.AppStore|x64.ActiveCfg = Release|Any CPU
		{EC2725EE-3BA2-4687-887A-35DCF319E80D}.AppStore|x64.Build.0 = Release|Any CPU
		{EC2725EE-3BA2-4687-887A-35DCF319E80D}.AppStore|x64.Deploy.0 = Release|Any CPU
		{EC2725EE-3BA2-4687-887A-35DCF319E80D}.AppStore|x86.ActiveCfg = Release|Any CPU
		{EC2725EE-3BA2-4687-887A-35DCF319E80D}.AppStore|x86.Build.0 = Release|Any CPU
		{EC2725EE-3BA2-4687-887A-35DCF319E80D}.AppStore|x86.Deploy.0 = Release|Any CPU
		{EC2725EE-3BA2-4687-887A-35DCF319E80D}.Debug|Any CPU.ActiveCfg = Debug|Any CPU
		{EC2725EE-3BA2-4687-887A-35DCF319E80D}.Debug|Any CPU.Build.0 = Debug|Any CPU
		{EC2725EE-3BA2-4687-887A-35DCF319E80D}.Debug|Any CPU.Deploy.0 = Debug|Any CPU
		{EC2725EE-3BA2-4687-887A-35DCF319E80D}.Debug|ARM.ActiveCfg = Debug|Any CPU
		{EC2725EE-3BA2-4687-887A-35DCF319E80D}.Debug|ARM.Build.0 = Debug|Any CPU
		{EC2725EE-3BA2-4687-887A-35DCF319E80D}.Debug|ARM.Deploy.0 = Debug|Any CPU
		{EC2725EE-3BA2-4687-887A-35DCF319E80D}.Debug|iPhone.ActiveCfg = Debug|Any CPU
		{EC2725EE-3BA2-4687-887A-35DCF319E80D}.Debug|iPhone.Build.0 = Debug|Any CPU
		{EC2725EE-3BA2-4687-887A-35DCF319E80D}.Debug|iPhone.Deploy.0 = Debug|Any CPU
		{EC2725EE-3BA2-4687-887A-35DCF319E80D}.Debug|iPhoneSimulator.ActiveCfg = Debug|Any CPU
		{EC2725EE-3BA2-4687-887A-35DCF319E80D}.Debug|iPhoneSimulator.Build.0 = Debug|Any CPU
		{EC2725EE-3BA2-4687-887A-35DCF319E80D}.Debug|iPhoneSimulator.Deploy.0 = Debug|Any CPU
		{EC2725EE-3BA2-4687-887A-35DCF319E80D}.Debug|x64.ActiveCfg = Debug|Any CPU
		{EC2725EE-3BA2-4687-887A-35DCF319E80D}.Debug|x64.Build.0 = Debug|Any CPU
		{EC2725EE-3BA2-4687-887A-35DCF319E80D}.Debug|x64.Deploy.0 = Debug|Any CPU
		{EC2725EE-3BA2-4687-887A-35DCF319E80D}.Debug|x86.ActiveCfg = Debug|Any CPU
		{EC2725EE-3BA2-4687-887A-35DCF319E80D}.Debug|x86.Build.0 = Debug|Any CPU
		{EC2725EE-3BA2-4687-887A-35DCF319E80D}.Debug|x86.Deploy.0 = Debug|Any CPU
		{EC2725EE-3BA2-4687-887A-35DCF319E80D}.Release|Any CPU.ActiveCfg = Release|Any CPU
		{EC2725EE-3BA2-4687-887A-35DCF319E80D}.Release|Any CPU.Build.0 = Release|Any CPU
		{EC2725EE-3BA2-4687-887A-35DCF319E80D}.Release|Any CPU.Deploy.0 = Release|Any CPU
		{EC2725EE-3BA2-4687-887A-35DCF319E80D}.Release|ARM.ActiveCfg = Release|Any CPU
		{EC2725EE-3BA2-4687-887A-35DCF319E80D}.Release|ARM.Build.0 = Release|Any CPU
		{EC2725EE-3BA2-4687-887A-35DCF319E80D}.Release|ARM.Deploy.0 = Release|Any CPU
		{EC2725EE-3BA2-4687-887A-35DCF319E80D}.Release|iPhone.ActiveCfg = Release|Any CPU
		{EC2725EE-3BA2-4687-887A-35DCF319E80D}.Release|iPhone.Build.0 = Release|Any CPU
		{EC2725EE-3BA2-4687-887A-35DCF319E80D}.Release|iPhone.Deploy.0 = Release|Any CPU
		{EC2725EE-3BA2-4687-887A-35DCF319E80D}.Release|iPhoneSimulator.ActiveCfg = Release|Any CPU
		{EC2725EE-3BA2-4687-887A-35DCF319E80D}.Release|iPhoneSimulator.Build.0 = Release|Any CPU
		{EC2725EE-3BA2-4687-887A-35DCF319E80D}.Release|iPhoneSimulator.Deploy.0 = Release|Any CPU
		{EC2725EE-3BA2-4687-887A-35DCF319E80D}.Release|x64.ActiveCfg = Release|Any CPU
		{EC2725EE-3BA2-4687-887A-35DCF319E80D}.Release|x64.Build.0 = Release|Any CPU
		{EC2725EE-3BA2-4687-887A-35DCF319E80D}.Release|x64.Deploy.0 = Release|Any CPU
		{EC2725EE-3BA2-4687-887A-35DCF319E80D}.Release|x86.ActiveCfg = Release|Any CPU
		{EC2725EE-3BA2-4687-887A-35DCF319E80D}.Release|x86.Build.0 = Release|Any CPU
		{EC2725EE-3BA2-4687-887A-35DCF319E80D}.Release|x86.Deploy.0 = Release|Any CPU
		{9EEEC1FC-5000-4D26-B3F7-30B8613D6602}.Ad-Hoc|Any CPU.ActiveCfg = Release|Any CPU
		{9EEEC1FC-5000-4D26-B3F7-30B8613D6602}.Ad-Hoc|Any CPU.Build.0 = Release|Any CPU
		{9EEEC1FC-5000-4D26-B3F7-30B8613D6602}.Ad-Hoc|ARM.ActiveCfg = Release|Any CPU
		{9EEEC1FC-5000-4D26-B3F7-30B8613D6602}.Ad-Hoc|ARM.Build.0 = Release|Any CPU
		{9EEEC1FC-5000-4D26-B3F7-30B8613D6602}.Ad-Hoc|iPhone.ActiveCfg = Release|Any CPU
		{9EEEC1FC-5000-4D26-B3F7-30B8613D6602}.Ad-Hoc|iPhone.Build.0 = Release|Any CPU
		{9EEEC1FC-5000-4D26-B3F7-30B8613D6602}.Ad-Hoc|iPhoneSimulator.ActiveCfg = Release|Any CPU
		{9EEEC1FC-5000-4D26-B3F7-30B8613D6602}.Ad-Hoc|iPhoneSimulator.Build.0 = Release|Any CPU
		{9EEEC1FC-5000-4D26-B3F7-30B8613D6602}.Ad-Hoc|x64.ActiveCfg = Release|Any CPU
		{9EEEC1FC-5000-4D26-B3F7-30B8613D6602}.Ad-Hoc|x64.Build.0 = Release|Any CPU
		{9EEEC1FC-5000-4D26-B3F7-30B8613D6602}.Ad-Hoc|x86.ActiveCfg = Release|Any CPU
		{9EEEC1FC-5000-4D26-B3F7-30B8613D6602}.Ad-Hoc|x86.Build.0 = Release|Any CPU
		{9EEEC1FC-5000-4D26-B3F7-30B8613D6602}.AppStore|Any CPU.ActiveCfg = Release|Any CPU
		{9EEEC1FC-5000-4D26-B3F7-30B8613D6602}.AppStore|Any CPU.Build.0 = Release|Any CPU
		{9EEEC1FC-5000-4D26-B3F7-30B8613D6602}.AppStore|ARM.ActiveCfg = Release|Any CPU
		{9EEEC1FC-5000-4D26-B3F7-30B8613D6602}.AppStore|ARM.Build.0 = Release|Any CPU
		{9EEEC1FC-5000-4D26-B3F7-30B8613D6602}.AppStore|iPhone.ActiveCfg = Release|Any CPU
		{9EEEC1FC-5000-4D26-B3F7-30B8613D6602}.AppStore|iPhone.Build.0 = Release|Any CPU
		{9EEEC1FC-5000-4D26-B3F7-30B8613D6602}.AppStore|iPhoneSimulator.ActiveCfg = Release|Any CPU
		{9EEEC1FC-5000-4D26-B3F7-30B8613D6602}.AppStore|iPhoneSimulator.Build.0 = Release|Any CPU
		{9EEEC1FC-5000-4D26-B3F7-30B8613D6602}.AppStore|x64.ActiveCfg = Release|Any CPU
		{9EEEC1FC-5000-4D26-B3F7-30B8613D6602}.AppStore|x64.Build.0 = Release|Any CPU
		{9EEEC1FC-5000-4D26-B3F7-30B8613D6602}.AppStore|x86.ActiveCfg = Release|Any CPU
		{9EEEC1FC-5000-4D26-B3F7-30B8613D6602}.AppStore|x86.Build.0 = Release|Any CPU
		{9EEEC1FC-5000-4D26-B3F7-30B8613D6602}.Debug|Any CPU.ActiveCfg = Debug|Any CPU
		{9EEEC1FC-5000-4D26-B3F7-30B8613D6602}.Debug|Any CPU.Build.0 = Debug|Any CPU
		{9EEEC1FC-5000-4D26-B3F7-30B8613D6602}.Debug|ARM.ActiveCfg = Debug|Any CPU
		{9EEEC1FC-5000-4D26-B3F7-30B8613D6602}.Debug|ARM.Build.0 = Debug|Any CPU
		{9EEEC1FC-5000-4D26-B3F7-30B8613D6602}.Debug|iPhone.ActiveCfg = Debug|Any CPU
		{9EEEC1FC-5000-4D26-B3F7-30B8613D6602}.Debug|iPhone.Build.0 = Debug|Any CPU
		{9EEEC1FC-5000-4D26-B3F7-30B8613D6602}.Debug|iPhoneSimulator.ActiveCfg = Debug|Any CPU
		{9EEEC1FC-5000-4D26-B3F7-30B8613D6602}.Debug|iPhoneSimulator.Build.0 = Debug|Any CPU
		{9EEEC1FC-5000-4D26-B3F7-30B8613D6602}.Debug|x64.ActiveCfg = Debug|Any CPU
		{9EEEC1FC-5000-4D26-B3F7-30B8613D6602}.Debug|x64.Build.0 = Debug|Any CPU
		{9EEEC1FC-5000-4D26-B3F7-30B8613D6602}.Debug|x86.ActiveCfg = Debug|Any CPU
		{9EEEC1FC-5000-4D26-B3F7-30B8613D6602}.Debug|x86.Build.0 = Debug|Any CPU
		{9EEEC1FC-5000-4D26-B3F7-30B8613D6602}.Release|Any CPU.ActiveCfg = Release|Any CPU
		{9EEEC1FC-5000-4D26-B3F7-30B8613D6602}.Release|Any CPU.Build.0 = Release|Any CPU
		{9EEEC1FC-5000-4D26-B3F7-30B8613D6602}.Release|ARM.ActiveCfg = Release|Any CPU
		{9EEEC1FC-5000-4D26-B3F7-30B8613D6602}.Release|ARM.Build.0 = Release|Any CPU
		{9EEEC1FC-5000-4D26-B3F7-30B8613D6602}.Release|iPhone.ActiveCfg = Release|Any CPU
		{9EEEC1FC-5000-4D26-B3F7-30B8613D6602}.Release|iPhone.Build.0 = Release|Any CPU
		{9EEEC1FC-5000-4D26-B3F7-30B8613D6602}.Release|iPhoneSimulator.ActiveCfg = Release|Any CPU
		{9EEEC1FC-5000-4D26-B3F7-30B8613D6602}.Release|iPhoneSimulator.Build.0 = Release|Any CPU
		{9EEEC1FC-5000-4D26-B3F7-30B8613D6602}.Release|x64.ActiveCfg = Release|Any CPU
		{9EEEC1FC-5000-4D26-B3F7-30B8613D6602}.Release|x64.Build.0 = Release|Any CPU
		{9EEEC1FC-5000-4D26-B3F7-30B8613D6602}.Release|x86.ActiveCfg = Release|Any CPU
		{9EEEC1FC-5000-4D26-B3F7-30B8613D6602}.Release|x86.Build.0 = Release|Any CPU
		{356B38CF-41C1-4694-B56E-846EC3555F4B}.Ad-Hoc|Any CPU.ActiveCfg = Release|x86
		{356B38CF-41C1-4694-B56E-846EC3555F4B}.Ad-Hoc|Any CPU.Build.0 = Release|x86
		{356B38CF-41C1-4694-B56E-846EC3555F4B}.Ad-Hoc|Any CPU.Deploy.0 = Release|x86
		{356B38CF-41C1-4694-B56E-846EC3555F4B}.Ad-Hoc|ARM.ActiveCfg = Release|ARM
		{356B38CF-41C1-4694-B56E-846EC3555F4B}.Ad-Hoc|ARM.Build.0 = Release|ARM
		{356B38CF-41C1-4694-B56E-846EC3555F4B}.Ad-Hoc|ARM.Deploy.0 = Release|ARM
		{356B38CF-41C1-4694-B56E-846EC3555F4B}.Ad-Hoc|iPhone.ActiveCfg = Release|x86
		{356B38CF-41C1-4694-B56E-846EC3555F4B}.Ad-Hoc|iPhone.Build.0 = Release|x86
		{356B38CF-41C1-4694-B56E-846EC3555F4B}.Ad-Hoc|iPhone.Deploy.0 = Release|x86
		{356B38CF-41C1-4694-B56E-846EC3555F4B}.Ad-Hoc|iPhoneSimulator.ActiveCfg = Release|x86
		{356B38CF-41C1-4694-B56E-846EC3555F4B}.Ad-Hoc|iPhoneSimulator.Build.0 = Release|x86
		{356B38CF-41C1-4694-B56E-846EC3555F4B}.Ad-Hoc|iPhoneSimulator.Deploy.0 = Release|x86
		{356B38CF-41C1-4694-B56E-846EC3555F4B}.Ad-Hoc|x64.ActiveCfg = Release|x64
		{356B38CF-41C1-4694-B56E-846EC3555F4B}.Ad-Hoc|x64.Build.0 = Release|x64
		{356B38CF-41C1-4694-B56E-846EC3555F4B}.Ad-Hoc|x64.Deploy.0 = Release|x64
		{356B38CF-41C1-4694-B56E-846EC3555F4B}.Ad-Hoc|x86.ActiveCfg = Release|x86
		{356B38CF-41C1-4694-B56E-846EC3555F4B}.Ad-Hoc|x86.Build.0 = Release|x86
		{356B38CF-41C1-4694-B56E-846EC3555F4B}.Ad-Hoc|x86.Deploy.0 = Release|x86
		{356B38CF-41C1-4694-B56E-846EC3555F4B}.AppStore|Any CPU.ActiveCfg = Release|x86
		{356B38CF-41C1-4694-B56E-846EC3555F4B}.AppStore|Any CPU.Build.0 = Release|x86
		{356B38CF-41C1-4694-B56E-846EC3555F4B}.AppStore|Any CPU.Deploy.0 = Release|x86
		{356B38CF-41C1-4694-B56E-846EC3555F4B}.AppStore|ARM.ActiveCfg = Release|ARM
		{356B38CF-41C1-4694-B56E-846EC3555F4B}.AppStore|ARM.Build.0 = Release|ARM
		{356B38CF-41C1-4694-B56E-846EC3555F4B}.AppStore|ARM.Deploy.0 = Release|ARM
		{356B38CF-41C1-4694-B56E-846EC3555F4B}.AppStore|iPhone.ActiveCfg = Release|x86
		{356B38CF-41C1-4694-B56E-846EC3555F4B}.AppStore|iPhone.Build.0 = Release|x86
		{356B38CF-41C1-4694-B56E-846EC3555F4B}.AppStore|iPhone.Deploy.0 = Release|x86
		{356B38CF-41C1-4694-B56E-846EC3555F4B}.AppStore|iPhoneSimulator.ActiveCfg = Release|x86
		{356B38CF-41C1-4694-B56E-846EC3555F4B}.AppStore|iPhoneSimulator.Build.0 = Release|x86
		{356B38CF-41C1-4694-B56E-846EC3555F4B}.AppStore|iPhoneSimulator.Deploy.0 = Release|x86
		{356B38CF-41C1-4694-B56E-846EC3555F4B}.AppStore|x64.ActiveCfg = Release|x64
		{356B38CF-41C1-4694-B56E-846EC3555F4B}.AppStore|x64.Build.0 = Release|x64
		{356B38CF-41C1-4694-B56E-846EC3555F4B}.AppStore|x64.Deploy.0 = Release|x64
		{356B38CF-41C1-4694-B56E-846EC3555F4B}.AppStore|x86.ActiveCfg = Release|x86
		{356B38CF-41C1-4694-B56E-846EC3555F4B}.AppStore|x86.Build.0 = Release|x86
		{356B38CF-41C1-4694-B56E-846EC3555F4B}.AppStore|x86.Deploy.0 = Release|x86
		{356B38CF-41C1-4694-B56E-846EC3555F4B}.Debug|Any CPU.ActiveCfg = Debug|x86
		{356B38CF-41C1-4694-B56E-846EC3555F4B}.Debug|ARM.ActiveCfg = Debug|ARM
		{356B38CF-41C1-4694-B56E-846EC3555F4B}.Debug|ARM.Build.0 = Debug|ARM
		{356B38CF-41C1-4694-B56E-846EC3555F4B}.Debug|ARM.Deploy.0 = Debug|ARM
		{356B38CF-41C1-4694-B56E-846EC3555F4B}.Debug|iPhone.ActiveCfg = Debug|x86
		{356B38CF-41C1-4694-B56E-846EC3555F4B}.Debug|iPhoneSimulator.ActiveCfg = Debug|x86
		{356B38CF-41C1-4694-B56E-846EC3555F4B}.Debug|x64.ActiveCfg = Debug|x64
		{356B38CF-41C1-4694-B56E-846EC3555F4B}.Debug|x64.Build.0 = Debug|x64
		{356B38CF-41C1-4694-B56E-846EC3555F4B}.Debug|x64.Deploy.0 = Debug|x64
		{356B38CF-41C1-4694-B56E-846EC3555F4B}.Debug|x86.ActiveCfg = Debug|x86
		{356B38CF-41C1-4694-B56E-846EC3555F4B}.Debug|x86.Build.0 = Debug|x86
		{356B38CF-41C1-4694-B56E-846EC3555F4B}.Debug|x86.Deploy.0 = Debug|x86
		{356B38CF-41C1-4694-B56E-846EC3555F4B}.Release|Any CPU.ActiveCfg = Release|x86
		{356B38CF-41C1-4694-B56E-846EC3555F4B}.Release|ARM.ActiveCfg = Release|ARM
		{356B38CF-41C1-4694-B56E-846EC3555F4B}.Release|ARM.Build.0 = Release|ARM
		{356B38CF-41C1-4694-B56E-846EC3555F4B}.Release|ARM.Deploy.0 = Release|ARM
		{356B38CF-41C1-4694-B56E-846EC3555F4B}.Release|iPhone.ActiveCfg = Release|x86
		{356B38CF-41C1-4694-B56E-846EC3555F4B}.Release|iPhoneSimulator.ActiveCfg = Release|x86
		{356B38CF-41C1-4694-B56E-846EC3555F4B}.Release|x64.ActiveCfg = Release|x64
		{356B38CF-41C1-4694-B56E-846EC3555F4B}.Release|x64.Build.0 = Release|x64
		{356B38CF-41C1-4694-B56E-846EC3555F4B}.Release|x64.Deploy.0 = Release|x64
		{356B38CF-41C1-4694-B56E-846EC3555F4B}.Release|x86.ActiveCfg = Release|x86
		{356B38CF-41C1-4694-B56E-846EC3555F4B}.Release|x86.Build.0 = Release|x86
		{356B38CF-41C1-4694-B56E-846EC3555F4B}.Release|x86.Deploy.0 = Release|x86
		{20062168-06E4-408B-B83B-F0E2C70FB0F4}.Ad-Hoc|Any CPU.ActiveCfg = Ad-Hoc|iPhone
		{20062168-06E4-408B-B83B-F0E2C70FB0F4}.Ad-Hoc|ARM.ActiveCfg = Ad-Hoc|iPhone
		{20062168-06E4-408B-B83B-F0E2C70FB0F4}.Ad-Hoc|iPhone.ActiveCfg = Ad-Hoc|iPhone
		{20062168-06E4-408B-B83B-F0E2C70FB0F4}.Ad-Hoc|iPhone.Build.0 = Ad-Hoc|iPhone
		{20062168-06E4-408B-B83B-F0E2C70FB0F4}.Ad-Hoc|iPhoneSimulator.ActiveCfg = Ad-Hoc|iPhoneSimulator
		{20062168-06E4-408B-B83B-F0E2C70FB0F4}.Ad-Hoc|iPhoneSimulator.Build.0 = Ad-Hoc|iPhoneSimulator
		{20062168-06E4-408B-B83B-F0E2C70FB0F4}.Ad-Hoc|x64.ActiveCfg = Ad-Hoc|iPhone
		{20062168-06E4-408B-B83B-F0E2C70FB0F4}.Ad-Hoc|x86.ActiveCfg = Ad-Hoc|iPhone
		{20062168-06E4-408B-B83B-F0E2C70FB0F4}.AppStore|Any CPU.ActiveCfg = AppStore|iPhone
		{20062168-06E4-408B-B83B-F0E2C70FB0F4}.AppStore|ARM.ActiveCfg = AppStore|iPhone
		{20062168-06E4-408B-B83B-F0E2C70FB0F4}.AppStore|iPhone.ActiveCfg = AppStore|iPhone
		{20062168-06E4-408B-B83B-F0E2C70FB0F4}.AppStore|iPhone.Build.0 = AppStore|iPhone
		{20062168-06E4-408B-B83B-F0E2C70FB0F4}.AppStore|iPhoneSimulator.ActiveCfg = AppStore|iPhoneSimulator
		{20062168-06E4-408B-B83B-F0E2C70FB0F4}.AppStore|iPhoneSimulator.Build.0 = AppStore|iPhoneSimulator
		{20062168-06E4-408B-B83B-F0E2C70FB0F4}.AppStore|x64.ActiveCfg = AppStore|iPhone
		{20062168-06E4-408B-B83B-F0E2C70FB0F4}.AppStore|x86.ActiveCfg = AppStore|iPhone
		{20062168-06E4-408B-B83B-F0E2C70FB0F4}.Debug|Any CPU.ActiveCfg = Debug|iPhone
		{20062168-06E4-408B-B83B-F0E2C70FB0F4}.Debug|ARM.ActiveCfg = Debug|iPhone
		{20062168-06E4-408B-B83B-F0E2C70FB0F4}.Debug|iPhone.ActiveCfg = Debug|iPhone
		{20062168-06E4-408B-B83B-F0E2C70FB0F4}.Debug|iPhone.Build.0 = Debug|iPhone
		{20062168-06E4-408B-B83B-F0E2C70FB0F4}.Debug|iPhoneSimulator.ActiveCfg = Debug|iPhoneSimulator
		{20062168-06E4-408B-B83B-F0E2C70FB0F4}.Debug|iPhoneSimulator.Build.0 = Debug|iPhoneSimulator
		{20062168-06E4-408B-B83B-F0E2C70FB0F4}.Debug|x64.ActiveCfg = Debug|iPhone
		{20062168-06E4-408B-B83B-F0E2C70FB0F4}.Debug|x86.ActiveCfg = Debug|iPhone
		{20062168-06E4-408B-B83B-F0E2C70FB0F4}.Release|Any CPU.ActiveCfg = Release|iPhone
		{20062168-06E4-408B-B83B-F0E2C70FB0F4}.Release|ARM.ActiveCfg = Release|iPhone
		{20062168-06E4-408B-B83B-F0E2C70FB0F4}.Release|iPhone.ActiveCfg = Release|iPhone
		{20062168-06E4-408B-B83B-F0E2C70FB0F4}.Release|iPhone.Build.0 = Release|iPhone
		{20062168-06E4-408B-B83B-F0E2C70FB0F4}.Release|iPhoneSimulator.ActiveCfg = Release|iPhoneSimulator
		{20062168-06E4-408B-B83B-F0E2C70FB0F4}.Release|iPhoneSimulator.Build.0 = Release|iPhoneSimulator
		{20062168-06E4-408B-B83B-F0E2C70FB0F4}.Release|x64.ActiveCfg = Release|iPhone
		{20062168-06E4-408B-B83B-F0E2C70FB0F4}.Release|x86.ActiveCfg = Release|iPhone
	EndGlobalSection
	GlobalSection(SolutionProperties) = preSolution
		HideSolutionNode = FALSE
	EndGlobalSection
EndGlobal
